hash: 310ccb40c2631d9341bf9ec3d829bbc8ff3be4bc2778db42bd93cfb2eaad3a92
updated: 2016-02-20T22:36:14.370409289+08:00
imports:
- name: github.com/facebookgo/clock
  version: 600d898af40aa09a7a93ecb9265d87b0504b6f03
- name: github.com/facebookgo/grace
  version: 053ab5d25436faedf3fe76fbf3da797c8c27c659
  subpackages:
  - gracehttp
  - gracenet
- name: github.com/facebookgo/httpdown
  version: 1fa03998d20119dfe4ef73f56a638d83048052e2
- name: github.com/facebookgo/stats
  version: 1b76add642e42c6ffba7211ad7b3939ce654526e
- name: github.com/labstack/echo
  version: 6914162d64dd26ccd90d7c8b00290364337c134c
  subpackages:
  - middleware
- name: github.com/labstack/gommon
  version: bfff5bf04688a4048a5cb4dd3b3f0697caaad19c
  subpackages:
  - log
  - color
- name: github.com/mattn/go-colorable
  version: 9cbef7c35391cca05f15f8181dc0b18bc9736dbb
- name: github.com/mattn/go-isatty
  version: 56b76bdf51f7708750eac80fa38b952bb9f32639
- name: golang.org/x/net
  version: b6d7b1396ec874c3b00f6c84cd4301a17c56c8ed
  subpackages:
  - context
  - websocket
devImports: []
